# THIS IS AN AUTOGENERATED FILE. DO NOT EDIT THIS FILE DIRECTLY.
# yarn lockfile v1


create-next-app@^12.2.2:
  version "12.2.2"
  resolved "https://registry.yarnpkg.com/create-next-app/-/create-next-app-12.2.2.tgz#4e73f4be46ece4331313f85aa05a74147f0076ab"
  integrity sha512-14nJKnpfzH39vcS2meLWbN+LM9XAMKtQR6O8VcmSDFjJGEVodjC3ym5nhIxBlkJ72U0GhTg8sQK3zMbzXQS6hg==
